
Microsoft Visual Studio Solution File, Format Version 12.00
# Visual Studio Version 17
VisualStudioVersion = 17.5.33530.505
MinimumVisualStudioVersion = 10.0.40219.1
Project("{9A19103F-16F7-4668-BE54-9A1E7A4F7556}") = "MedicalWasteCollectApp", "MedicalWasteCollectApp\MedicalWasteCollectApp.csproj", "{5125981E-FD34-4634-A844-4B99F04B5789}"
EndProject
Project("{FAE04EC0-301F-11D3-BF4B-00C04F79EFBC}") = "MedicalWasteCollectApp.Tests", "MedicalWasteCollectApp.Tests\MedicalWasteCollectApp.Tests.csproj", "{CC34DFBB-43DD-4F2B-B366-AED222F9C2BA}"
EndProject
Global
	GlobalSection(SolutionConfigurationPlatforms) = preSolution
		Debug|Any CPU = Debug|Any CPU
		Release|Any CPU = Release|Any CPU
	EndGlobalSection
	GlobalSection(ProjectConfigurationPlatforms) = postSolution
		{5125981E-FD34-4634-A844-4B99F04B5789}.Debug|Any CPU.ActiveCfg = Debug|Any CPU
		{5125981E-FD34-4634-A844-4B99F04B5789}.Debug|Any CPU.Build.0 = Debug|Any CPU
		{5125981E-FD34-4634-A844-4B99F04B5789}.Release|Any CPU.ActiveCfg = Release|Any CPU
		{5125981E-FD34-4634-A844-4B99F04B5789}.Release|Any CPU.Build.0 = Release|Any CPU
		{CC34DFBB-43DD-4F2B-B366-AED222F9C2BA}.Debug|Any CPU.ActiveCfg = Debug|Any CPU
		{CC34DFBB-43DD-4F2B-B366-AED222F9C2BA}.Debug|Any CPU.Build.0 = Debug|Any CPU
		{CC34DFBB-43DD-4F2B-B366-AED222F9C2BA}.Release|Any CPU.ActiveCfg = Release|Any CPU
		{CC34DFBB-43DD-4F2B-B366-AED222F9C2BA}.Release|Any CPU.Build.0 = Release|Any CPU
	EndGlobalSection
	GlobalSection(SolutionProperties) = preSolution
		HideSolutionNode = FALSE
	EndGlobalSection
	GlobalSection(ExtensibilityGlobals) = postSolution
		SolutionGuid = {B69298C9-FCAA-47E6-A8FE-7A76DAB40F0A}
	EndGlobalSection
EndGlobal
